// !$*UTF8*$!
{
	archiveVersion = 1;
	classes = {
	};
	objectVersion = 55;
	objects = {

/* Begin PBXBuildFile section */
		570C58E927FF5F6C004C4186 /* SongBookApp.swift in Sources */ = {isa = PBXBuildFile; fileRef = 570C58E827FF5F6C004C4186 /* SongBookApp.swift */; };
		570C58EB27FF5F6C004C4186 /* ContentView.swift in Sources */ = {isa = PBXBuildFile; fileRef = 570C58EA27FF5F6C004C4186 /* ContentView.swift */; };
		570C58ED27FF5F6D004C4186 /* Assets.xcassets in Resources */ = {isa = PBXBuildFile; fileRef = 570C58EC27FF5F6D004C4186 /* Assets.xcassets */; };
		570C58F027FF5F6D004C4186 /* Preview Assets.xcassets in Resources */ = {isa = PBXBuildFile; fileRef = 570C58EF27FF5F6D004C4186 /* Preview Assets.xcassets */; };
		570C58F727FF609D004C4186 /* LyricView.swift in Sources */ = {isa = PBXBuildFile; fileRef = 570C58F627FF609D004C4186 /* LyricView.swift */; };
		575A78282811CD3C0032EA19 /* ChordButton.swift in Sources */ = {isa = PBXBuildFile; fileRef = 575A78272811CD3C0032EA19 /* ChordButton.swift */; };
		575A782A2811CD820032EA19 /* MIDIModule.swift in Sources */ = {isa = PBXBuildFile; fileRef = 575A78292811CD820032EA19 /* MIDIModule.swift */; };
		577E561928132115006F4351 /* DrawingView.swift in Sources */ = {isa = PBXBuildFile; fileRef = 577E561828132115006F4351 /* DrawingView.swift */; };
		577E561B2813213A006F4351 /* Canvas in Resources */ = {isa = PBXBuildFile; fileRef = 577E561A2813213A006F4351 /* Canvas */; };
		577E561D2813214F006F4351 /* Persistence.swift in Sources */ = {isa = PBXBuildFile; fileRef = 577E561C2813214F006F4351 /* Persistence.swift */; };
		577E562028132165006F4351 /* Drawing_Pencil_Kit.xcdatamodeld in Sources */ = {isa = PBXBuildFile; fileRef = 577E561E28132165006F4351 /* Drawing_Pencil_Kit.xcdatamodeld */; };
		577E56222813219E006F4351 /* AddNewCanvasView.swift in Sources */ = {isa = PBXBuildFile; fileRef = 577E56212813219E006F4351 /* AddNewCanvasView.swift */; };
		577E562428132209006F4351 /* DrawingCanvasView.swift in Sources */ = {isa = PBXBuildFile; fileRef = 577E562328132209006F4351 /* DrawingCanvasView.swift */; };
		577E56262813220B006F4351 /* DrawingCanvasViewController.swift in Sources */ = {isa = PBXBuildFile; fileRef = 577E56252813220A006F4351 /* DrawingCanvasViewController.swift */; };
		577E562828132465006F4351 /* TitleView.swift in Sources */ = {isa = PBXBuildFile; fileRef = 577E562728132465006F4351 /* TitleView.swift */; };
		57B3E58D2805EFD60011E964 /* KeyWidget.swift in Sources */ = {isa = PBXBuildFile; fileRef = 57B3E58C2805EFD60011E964 /* KeyWidget.swift */; };
		57B3E58F2805EFF90011E964 /* RecordWidget.swift in Sources */ = {isa = PBXBuildFile; fileRef = 57B3E58E2805EFF90011E964 /* RecordWidget.swift */; };
		57B3E5932805FDFF0011E964 /* Key.swift in Sources */ = {isa = PBXBuildFile; fileRef = 57B3E5922805FDFF0011E964 /* Key.swift */; };
		57B3E5952805FECE0011E964 /* Chord.swift in Sources */ = {isa = PBXBuildFile; fileRef = 57B3E5942805FECE0011E964 /* Chord.swift */; };
/* End PBXBuildFile section */

/* Begin PBXFileReference section */
		570C58E527FF5F6C004C4186 /* SongBook.app */ = {isa = PBXFileReference; explicitFileType = wrapper.application; includeInIndex = 0; path = SongBook.app; sourceTree = BUILT_PRODUCTS_DIR; };
		570C58E827FF5F6C004C4186 /* SongBookApp.swift */ = {isa = PBXFileReference; lastKnownFileType = sourcecode.swift; path = SongBookApp.swift; sourceTree = "<group>"; };
		570C58EA27FF5F6C004C4186 /* ContentView.swift */ = {isa = PBXFileReference; lastKnownFileType = sourcecode.swift; path = ContentView.swift; sourceTree = "<group>"; };
		570C58EC27FF5F6D004C4186 /* Assets.xcassets */ = {isa = PBXFileReference; lastKnownFileType = folder.assetcatalog; path = Assets.xcassets; sourceTree = "<group>"; };
		570C58EF27FF5F6D004C4186 /* Preview Assets.xcassets */ = {isa = PBXFileReference; lastKnownFileType = folder.assetcatalog; path = "Preview Assets.xcassets"; sourceTree = "<group>"; };
		570C58F627FF609D004C4186 /* LyricView.swift */ = {isa = PBXFileReference; lastKnownFileType = sourcecode.swift; path = LyricView.swift; sourceTree = "<group>"; tabWidth = 4; };
		575A78272811CD3C0032EA19 /* ChordButton.swift */ = {isa = PBXFileReference; lastKnownFileType = sourcecode.swift; path = ChordButton.swift; sourceTree = "<group>"; };
		575A78292811CD820032EA19 /* MIDIModule.swift */ = {isa = PBXFileReference; lastKnownFileType = sourcecode.swift; path = MIDIModule.swift; sourceTree = "<group>"; };
		577E561828132115006F4351 /* DrawingView.swift */ = {isa = PBXFileReference; lastKnownFileType = sourcecode.swift; path = DrawingView.swift; sourceTree = "<group>"; };
		577E561A2813213A006F4351 /* Canvas */ = {isa = PBXFileReference; lastKnownFileType = folder; path = Canvas; sourceTree = "<group>"; };
		577E561C2813214F006F4351 /* Persistence.swift */ = {isa = PBXFileReference; lastKnownFileType = sourcecode.swift; path = Persistence.swift; sourceTree = "<group>"; };
		577E561F28132165006F4351 /* Drawing_Pencil_Kit.xcdatamodel */ = {isa = PBXFileReference; lastKnownFileType = wrapper.xcdatamodel; path = Drawing_Pencil_Kit.xcdatamodel; sourceTree = "<group>"; };
		577E56212813219E006F4351 /* AddNewCanvasView.swift */ = {isa = PBXFileReference; fileEncoding = 4; lastKnownFileType = sourcecode.swift; path = AddNewCanvasView.swift; sourceTree = "<group>"; };
		577E562328132209006F4351 /* DrawingCanvasView.swift */ = {isa = PBXFileReference; lastKnownFileType = sourcecode.swift; path = DrawingCanvasView.swift; sourceTree = "<group>"; };
		577E56252813220A006F4351 /* DrawingCanvasViewController.swift */ = {isa = PBXFileReference; lastKnownFileType = sourcecode.swift; path = DrawingCanvasViewController.swift; sourceTree = "<group>"; };
		577E562728132465006F4351 /* TitleView.swift */ = {isa = PBXFileReference; lastKnownFileType = sourcecode.swift; path = TitleView.swift; sourceTree = "<group>"; };
		5783C1F5281865CB0047C8AE /* Info.plist */ = {isa = PBXFileReference; lastKnownFileType = text.plist; path = Info.plist; sourceTree = "<group>"; };
		57B3E58C2805EFD60011E964 /* KeyWidget.swift */ = {isa = PBXFileReference; lastKnownFileType = sourcecode.swift; path = KeyWidget.swift; sourceTree = "<group>"; };
		57B3E58E2805EFF90011E964 /* RecordWidget.swift */ = {isa = PBXFileReference; lastKnownFileType = sourcecode.swift; path = RecordWidget.swift; sourceTree = "<group>"; };
		57B3E5922805FDFF0011E964 /* Key.swift */ = {isa = PBXFileReference; lastKnownFileType = sourcecode.swift; path = Key.swift; sourceTree = "<group>"; };
		57B3E5942805FECE0011E964 /* Chord.swift */ = {isa = PBXFileReference; lastKnownFileType = sourcecode.swift; path = Chord.swift; sourceTree = "<group>"; };
/* End PBXFileReference section */

/* Begin PBXFrameworksBuildPhase section */
		570C58E227FF5F6C004C4186 /* Frameworks */ = {
			isa = PBXFrameworksBuildPhase;
			buildActionMask = 2147483647;
			files = (
			);
			runOnlyForDeploymentPostprocessing = 0;
		};
/* End PBXFrameworksBuildPhase section */

/* Begin PBXGroup section */
		570C58DC27FF5F6C004C4186 = {
			isa = PBXGroup;
			children = (
				570C58E727FF5F6C004C4186 /* SongBook */,
				570C58E627FF5F6C004C4186 /* Products */,
			);
			sourceTree = "<group>";
		};
		570C58E627FF5F6C004C4186 /* Products */ = {
			isa = PBXGroup;
			children = (
				570C58E527FF5F6C004C4186 /* SongBook.app */,
			);
			name = Products;
			sourceTree = "<group>";
		};
		570C58E727FF5F6C004C4186 /* SongBook */ = {
			isa = PBXGroup;
			children = (
				5783C1F5281865CB0047C8AE /* Info.plist */,
				577E562728132465006F4351 /* TitleView.swift */,
				577E56252813220A006F4351 /* DrawingCanvasViewController.swift */,
				577E562328132209006F4351 /* DrawingCanvasView.swift */,
				577E561A2813213A006F4351 /* Canvas */,
				577E56212813219E006F4351 /* AddNewCanvasView.swift */,
				577E561E28132165006F4351 /* Drawing_Pencil_Kit.xcdatamodeld */,
				577E561C2813214F006F4351 /* Persistence.swift */,
				577E561828132115006F4351 /* DrawingView.swift */,
				575A78272811CD3C0032EA19 /* ChordButton.swift */,
				575A78292811CD820032EA19 /* MIDIModule.swift */,
				57B3E5942805FECE0011E964 /* Chord.swift */,
				57B3E5922805FDFF0011E964 /* Key.swift */,
				57B3E58C2805EFD60011E964 /* KeyWidget.swift */,
				57B3E58E2805EFF90011E964 /* RecordWidget.swift */,
				570C58F627FF609D004C4186 /* LyricView.swift */,
				570C58E827FF5F6C004C4186 /* SongBookApp.swift */,
				570C58EA27FF5F6C004C4186 /* ContentView.swift */,
				570C58EC27FF5F6D004C4186 /* Assets.xcassets */,
				570C58EE27FF5F6D004C4186 /* Preview Content */,
			);
			path = SongBook;
			sourceTree = "<group>";
		};
		570C58EE27FF5F6D004C4186 /* Preview Content */ = {
			isa = PBXGroup;
			children = (
				570C58EF27FF5F6D004C4186 /* Preview Assets.xcassets */,
			);
			path = "Preview Content";
			sourceTree = "<group>";
		};
/* End PBXGroup section */

/* Begin PBXNativeTarget section */
		570C58E427FF5F6C004C4186 /* SongBook */ = {
			isa = PBXNativeTarget;
			buildConfigurationList = 570C58F327FF5F6D004C4186 /* Build configuration list for PBXNativeTarget "SongBook" */;
			buildPhases = (
				570C58E127FF5F6C004C4186 /* Sources */,
				570C58E227FF5F6C004C4186 /* Frameworks */,
				570C58E327FF5F6C004C4186 /* Resources */,
			);
			buildRules = (
			);
			dependencies = (
			);
			name = SongBook;
			productName = SongBook;
			productReference = 570C58E527FF5F6C004C4186 /* SongBook.app */;
			productType = "com.apple.product-type.application";
		};
/* End PBXNativeTarget section */

/* Begin PBXProject section */
		570C58DD27FF5F6C004C4186 /* Project object */ = {
			isa = PBXProject;
			attributes = {
				BuildIndependentTargetsInParallel = 1;
				LastSwiftUpdateCheck = 1320;
				LastUpgradeCheck = 1320;
				TargetAttributes = {
					570C58E427FF5F6C004C4186 = {
						CreatedOnToolsVersion = 13.2.1;
					};
				};
			};
			buildConfigurationList = 570C58E027FF5F6C004C4186 /* Build configuration list for PBXProject "SongBook" */;
			compatibilityVersion = "Xcode 13.0";
			developmentRegion = en;
			hasScannedForEncodings = 0;
			knownRegions = (
				en,
				Base,
			);
			mainGroup = 570C58DC27FF5F6C004C4186;
			productRefGroup = 570C58E627FF5F6C004C4186 /* Products */;
			projectDirPath = "";
			projectRoot = "";
			targets = (
				570C58E427FF5F6C004C4186 /* SongBook */,
			);
		};
/* End PBXProject section */

/* Begin PBXResourcesBuildPhase section */
		570C58E327FF5F6C004C4186 /* Resources */ = {
			isa = PBXResourcesBuildPhase;
			buildActionMask = 2147483647;
			files = (
				570C58F027FF5F6D004C4186 /* Preview Assets.xcassets in Resources */,
				577E561B2813213A006F4351 /* Canvas in Resources */,
				570C58ED27FF5F6D004C4186 /* Assets.xcassets in Resources */,
			);
			runOnlyForDeploymentPostprocessing = 0;
		};
/* End PBXResourcesBuildPhase section */

/* Begin PBXSourcesBuildPhase section */
		570C58E127FF5F6C004C4186 /* Sources */ = {
			isa = PBXSourcesBuildPhase;
			buildActionMask = 2147483647;
			files = (
				577E56262813220B006F4351 /* DrawingCanvasViewController.swift in Sources */,
				577E561D2813214F006F4351 /* Persistence.swift in Sources */,
				575A78282811CD3C0032EA19 /* ChordButton.swift in Sources */,
				575A782A2811CD820032EA19 /* MIDIModule.swift in Sources */,
				577E56222813219E006F4351 /* AddNewCanvasView.swift in Sources */,
				570C58EB27FF5F6C004C4186 /* ContentView.swift in Sources */,
				577E562028132165006F4351 /* Drawing_Pencil_Kit.xcdatamodeld in Sources */,
				577E562828132465006F4351 /* TitleView.swift in Sources */,
				570C58F727FF609D004C4186 /* LyricView.swift in Sources */,
				57B3E58F2805EFF90011E964 /* RecordWidget.swift in Sources */,
				570C58E927FF5F6C004C4186 /* SongBookApp.swift in Sources */,
				57B3E58D2805EFD60011E964 /* KeyWidget.swift in Sources */,
				577E561928132115006F4351 /* DrawingView.swift in Sources */,
				57B3E5932805FDFF0011E964 /* Key.swift in Sources */,
				57B3E5952805FECE0011E964 /* Chord.swift in Sources */,
				577E562428132209006F4351 /* DrawingCanvasView.swift in Sources */,
			);
			runOnlyForDeploymentPostprocessing = 0;
		};
/* End PBXSourcesBuildPhase section */

/* Begin XCBuildConfiguration section */
		570C58F127FF5F6D004C4186 /* Debug */ = {
			isa = XCBuildConfiguration;
			buildSettings = {
				ALWAYS_SEARCH_USER_PATHS = NO;
				CLANG_ANALYZER_NONNULL = YES;
				CLANG_ANALYZER_NUMBER_OBJECT_CONVERSION = YES_AGGRESSIVE;
				CLANG_CXX_LANGUAGE_STANDARD = "gnu++17";
				CLANG_CXX_LIBRARY = "libc++";
				CLANG_ENABLE_MODULES = YES;
				CLANG_ENABLE_OBJC_ARC = YES;
				CLANG_ENABLE_OBJC_WEAK = YES;
				CLANG_WARN_BLOCK_CAPTURE_AUTORELEASING = YES;
				CLANG_WARN_BOOL_CONVERSION = YES;
				CLANG_WARN_COMMA = YES;
				CLANG_WARN_CONSTANT_CONVERSION = YES;
				CLANG_WARN_DEPRECATED_OBJC_IMPLEMENTATIONS = YES;
				CLANG_WARN_DIRECT_OBJC_ISA_USAGE = YES_ERROR;
				CLANG_WARN_DOCUMENTATION_COMMENTS = YES;
				CLANG_WARN_EMPTY_BODY = YES;
				CLANG_WARN_ENUM_CONVERSION = YES;
				CLANG_WARN_INFINITE_RECURSION = YES;
				CLANG_WARN_INT_CONVERSION = YES;
				CLANG_WARN_NON_LITERAL_NULL_CONVERSION = YES;
				CLANG_WARN_OBJC_IMPLICIT_RETAIN_SELF = YES;
				CLANG_WARN_OBJC_LITERAL_CONVERSION = YES;
				CLANG_WARN_OBJC_ROOT_CLASS = YES_ERROR;
				CLANG_WARN_QUOTED_INCLUDE_IN_FRAMEWORK_HEADER = YES;
				CLANG_WARN_RANGE_LOOP_ANALYSIS = YES;
				CLANG_WARN_STRICT_PROTOTYPES = YES;
				CLANG_WARN_SUSPICIOUS_MOVE = YES;
				CLANG_WARN_UNGUARDED_AVAILABILITY = YES_AGGRESSIVE;
				CLANG_WARN_UNREACHABLE_CODE = YES;
				CLANG_WARN__DUPLICATE_METHOD_MATCH = YES;
				COPY_PHASE_STRIP = NO;
				DEBUG_INFORMATION_FORMAT = dwarf;
				ENABLE_STRICT_OBJC_MSGSEND = YES;
				ENABLE_TESTABILITY = YES;
				GCC_C_LANGUAGE_STANDARD = gnu11;
				GCC_DYNAMIC_NO_PIC = NO;
				GCC_NO_COMMON_BLOCKS = YES;
				GCC_OPTIMIZATION_LEVEL = 0;
				GCC_PREPROCESSOR_DEFINITIONS = (
					"DEBUG=1",
					"$(inherited)",
				);
				GCC_WARN_64_TO_32_BIT_CONVERSION = YES;
				GCC_WARN_ABOUT_RETURN_TYPE = YES_ERROR;
				GCC_WARN_UNDECLARED_SELECTOR = YES;
				GCC_WARN_UNINITIALIZED_AUTOS = YES_AGGRESSIVE;
				GCC_WARN_UNUSED_FUNCTION = YES;
				GCC_WARN_UNUSED_VARIABLE = YES;
				IPHONEOS_DEPLOYMENT_TARGET = 15.2;
				MTL_ENABLE_DEBUG_INFO = INCLUDE_SOURCE;
				MTL_FAST_MATH = YES;
				ONLY_ACTIVE_ARCH = YES;
				SDKROOT = iphoneos;
				SWIFT_ACTIVE_COMPILATION_CONDITIONS = DEBUG;
				SWIFT_OPTIMIZATION_LEVEL = "-Onone";
			};
			name = Debug;
		};
		570C58F227FF5F6D004C4186 /* Release */ = {
			isa = XCBuildConfiguration;
			buildSettings = {
				ALWAYS_SEARCH_USER_PATHS = NO;
				CLANG_ANALYZER_NONNULL = YES;
				CLANG_ANALYZER_NUMBER_OBJECT_CONVERSION = YES_AGGRESSIVE;
				CLANG_CXX_LANGUAGE_STANDARD = "gnu++17";
				CLANG_CXX_LIBRARY = "libc++";
				CLANG_ENABLE_MODULES = YES;
				CLANG_ENABLE_OBJC_ARC = YES;
				CLANG_ENABLE_OBJC_WEAK = YES;
				CLANG_WARN_BLOCK_CAPTURE_AUTORELEASING = YES;
				CLANG_WARN_BOOL_CONVERSION = YES;
				CLANG_WARN_COMMA = YES;
				CLANG_WARN_CONSTANT_CONVERSION = YES;
				CLANG_WARN_DEPRECATED_OBJC_IMPLEMENTATIONS = YES;
				CLANG_WARN_DIRECT_OBJC_ISA_USAGE = YES_ERROR;
				CLANG_WARN_DOCUMENTATION_COMMENTS = YES;
				CLANG_WARN_EMPTY_BODY = YES;
				CLANG_WARN_ENUM_CONVERSION = YES;
				CLANG_WARN_INFINITE_RECURSION = YES;
				CLANG_WARN_INT_CONVERSION = YES;
				CLANG_WARN_NON_LITERAL_NULL_CONVERSION = YES;
				CLANG_WARN_OBJC_IMPLICIT_RETAIN_SELF = YES;
				CLANG_WARN_OBJC_LITERAL_CONVERSION = YES;
				CLANG_WARN_OBJC_ROOT_CLASS = YES_ERROR;
				CLANG_WARN_QUOTED_INCLUDE_IN_FRAMEWORK_HEADER = YES;
				CLANG_WARN_RANGE_LOOP_ANALYSIS = YES;
				CLANG_WARN_STRICT_PROTOTYPES = YES;
				CLANG_WARN_SUSPICIOUS_MOVE = YES;
				CLANG_WARN_UNGUARDED_AVAILABILITY = YES_AGGRESSIVE;
				CLANG_WARN_UNREACHABLE_CODE = YES;
				CLANG_WARN__DUPLICATE_METHOD_MATCH = YES;
				COPY_PHASE_STRIP = NO;
				DEBUG_INFORMATION_FORMAT = "dwarf-with-dsym";
				ENABLE_NS_ASSERTIONS = NO;
				ENABLE_STRICT_OBJC_MSGSEND = YES;
				GCC_C_LANGUAGE_STANDARD = gnu11;
				GCC_NO_COMMON_BLOCKS = YES;
				GCC_WARN_64_TO_32_BIT_CONVERSION = YES;
				GCC_WARN_ABOUT_RETURN_TYPE = YES_ERROR;
				GCC_WARN_UNDECLARED_SELECTOR = YES;
				GCC_WARN_UNINITIALIZED_AUTOS = YES_AGGRESSIVE;
				GCC_WARN_UNUSED_FUNCTION = YES;
				GCC_WARN_UNUSED_VARIABLE = YES;
				IPHONEOS_DEPLOYMENT_TARGET = 15.2;
				MTL_ENABLE_DEBUG_INFO = NO;
				MTL_FAST_MATH = YES;
				SDKROOT = iphoneos;
				SWIFT_COMPILATION_MODE = wholemodule;
				SWIFT_OPTIMIZATION_LEVEL = "-O";
				VALIDATE_PRODUCT = YES;
			};
			name = Release;
		};
		570C58F427FF5F6D004C4186 /* Debug */ = {
			isa = XCBuildConfiguration;
			buildSettings = {
				ASSETCATALOG_COMPILER_APPICON_NAME = AppIcon;
				ASSETCATALOG_COMPILER_GLOBAL_ACCENT_COLOR_NAME = AccentColor;
				CODE_SIGN_STYLE = Automatic;
				CURRENT_PROJECT_VERSION = 1;
				DEVELOPMENT_ASSET_PATHS = "\"SongBook/Preview Content\"";
				DEVELOPMENT_TEAM = F5C4Y658FV;
				ENABLE_PREVIEWS = YES;
				GENERATE_INFOPLIST_FILE = YES;
				INFOPLIST_FILE = SongBook/Info.plist;
				INFOPLIST_KEY_LSSupportsOpeningDocumentsInPlace = YES;
				INFOPLIST_KEY_NSMicrophoneUsageDescription = "This is for the recording widget tool";
				INFOPLIST_KEY_UIApplicationSceneManifest_Generation = YES;
				INFOPLIST_KEY_UIApplicationSupportsIndirectInputEvents = YES;
				INFOPLIST_KEY_UISupportedInterfaceOrientations_iPad = "UIInterfaceOrientationPortrait UIInterfaceOrientationPortraitUpsideDown UIInterfaceOrientationLandscapeLeft UIInterfaceOrientationLandscapeRight";
				INFOPLIST_KEY_UISupportedInterfaceOrientations_iPhone = "UIInterfaceOrientationPortrait UIInterfaceOrientationLandscapeLeft UIInterfaceOrientationLandscapeRight";
				IPHONEOS_DEPLOYMENT_TARGET = 15.0;
				LD_RUNPATH_SEARCH_PATHS = (
					"$(inherited)",
					"@executable_path/Frameworks",
				);
				MARKETING_VERSION = 1.0;
				PRODUCT_BUNDLE_IDENTIFIER = com.bpeterkin.SongBook;
				PRODUCT_NAME = "$(TARGET_NAME)";
				SWIFT_EMIT_LOC_STRINGS = YES;
				SWIFT_VERSION = 5.0;
				TARGETED_DEVICE_FAMILY = "1,2";
			};
			name = Debug;
		};
		570C58F527FF5F6D004C4186 /* Release */ = {
			isa = XCBuildConfiguration;
			buildSettings = {
				ASSETCATALOG_COMPILER_APPICON_NAME = AppIcon;
				ASSETCATALOG_COMPILER_GLOBAL_ACCENT_COLOR_NAME = AccentColor;
				CODE_SIGN_STYLE = Automatic;
				CURRENT_PROJECT_VERSION = 1;
				DEVELOPMENT_ASSET_PATHS = "\"SongBook/Preview Content\"";
				DEVELOPMENT_TEAM = F5C4Y658FV;
				ENABLE_PREVIEWS = YES;
				GENERATE_INFOPLIST_FILE = YES;
				INFOPLIST_FILE = SongBook/Info.plist;
				INFOPLIST_KEY_LSSupportsOpeningDocumentsInPlace = YES;
				INFOPLIST_KEY_NSMicrophoneUsageDescription = "This is for the recording widget tool";
				INFOPLIST_KEY_UIApplicationSceneManifest_Generation = YES;
				INFOPLIST_KEY_UIApplicationSupportsIndirectInputEvents = YES;
				INFOPLIST_KEY_UISupportedInterfaceOrientations_iPad = "UIInterfaceOrientationPortrait UIInterfaceOrientationPortraitUpsideDown UIInterfaceOrientationLandscapeLeft UIInterfaceOrientationLandscapeRight";
				INFOPLIST_KEY_UISupportedInterfaceOrientations_iPhone = "UIInterfaceOrientationPortrait UIInterfaceOrientationLandscapeLeft UIInterfaceOrientationLandscapeRight";
				IPHONEOS_DEPLOYMENT_TARGET = 15.0;
				LD_RUNPATH_SEARCH_PATHS = (
					"$(inherited)",
					"@executable_path/Frameworks",
				);
				MARKETING_VERSION = 1.0;
				PRODUCT_BUNDLE_IDENTIFIER = com.bpeterkin.SongBook;
				PRODUCT_NAME = "$(TARGET_NAME)";
				SWIFT_EMIT_LOC_STRINGS = YES;
				SWIFT_VERSION = 5.0;
				TARGETED_DEVICE_FAMILY = "1,2";
			};
			name = Release;
		};
/* End XCBuildConfiguration section */

/* Begin XCConfigurationList section */
		570C58E027FF5F6C004C4186 /* Build configuration list for PBXProject "SongBook" */ = {
			isa = XCConfigurationList;
			buildConfigurations = (
				570C58F127FF5F6D004C4186 /* Debug */,
				570C58F227FF5F6D004C4186 /* Release */,
			);
			defaultConfigurationIsVisible = 0;
			defaultConfigurationName = Release;
		};
		570C58F327FF5F6D004C4186 /* Build configuration list for PBXNativeTarget "SongBook" */ = {
			isa = XCConfigurationList;
			buildConfigurations = (
				570C58F427FF5F6D004C4186 /* Debug */,
				570C58F527FF5F6D004C4186 /* Release */,
			);
			defaultConfigurationIsVisible = 0;
			defaultConfigurationName = Release;
		};
/* End XCConfigurationList section */

/* Begin XCVersionGroup section */
		577E561E28132165006F4351 /* Drawing_Pencil_Kit.xcdatamodeld */ = {
			isa = XCVersionGroup;
			children = (
				577E561F28132165006F4351 /* Drawing_Pencil_Kit.xcdatamodel */,
			);
			currentVersion = 577E561F28132165006F4351 /* Drawing_Pencil_Kit.xcdatamodel */;
			path = Drawing_Pencil_Kit.xcdatamodeld;
			sourceTree = "<group>";
			versionGroupType = wrapper.xcdatamodel;
		};
/* End XCVersionGroup section */
	};
	rootObject = 570C58DD27FF5F6C004C4186 /* Project object */;
}
